<Solution>
  <Folder Name="/Task0/">
    <Project Path="Tyuiu.FilippovaVD.Sprint1.Task0.V30.Lib/Tyuiu.FilippovaVD.Sprint1.Task0.V30.Lib.csproj" />
    <Project Path="Tyuiu.FilippovaVD.Sprint1.Task0.V30.Test/Tyuiu.FilippovaVD.Sprint1.Task0.V30.Test.csproj" />
    <Project Path="Tyuiu.FilippovaVD.Sprint1.Task0.V30/Tyuiu.FilippovaVD.Sprint1.Task0.V30.csproj" />
  </Folder>
  <Folder Name="/Task1/">
    <Project Path="Tyuiu.FilippovaVD.Sprint1.Task1.V5.Lib/Tyuiu.FilippovaVD.Sprint1.Task1.V5.Lib.csproj" />
    <Project Path="Tyuiu.FilippovaVD.Sprint1.Task1.V5.Test/Tyuiu.FilippovaVD.Sprint1.Task1.V5.Test.csproj" />
    <Project Path="Tyuiu.FilippovaVD.Sprint1.Task1.V5/Tyuiu.FilippovaVD.Sprint1.Task1.V5.csproj" />
  </Folder>
  <Folder Name="/Task2/">
    <Project Path="Tyuiu.FilippovaVD.Sprint1.Task2.V30.Lib/Tyuiu.FilippovaVD.Sprint1.Task2.V30.Lib.csproj" Id="08627384-3cc4-4989-bc4a-c4e7e1068e33" />
    <Project Path="Tyuiu.FilippovaVD.Sprint1.Task2.V30.Test/Tyuiu.FilippovaVD.Sprint1.Task2.V30.Test.csproj" Id="0276506c-4a53-428d-a5dd-9677b4c56e12" />
    <Project Path="Tyuiu.FilippovaVD.Sprint1.Task2.V30/Tyuiu.FilippovaVD.Sprint1.Task2.V30.csproj" Id="66c58b91-7cee-4c9a-8eb7-a2b5d658e358" />
  </Folder>
  <Folder Name="/Task3/">
    <Project Path="Tyuiu.FilippovaVD.Sprint1.Task3.V9.Lib/Tyuiu.FilippovaVD.Sprint1.Task3.V9.Lib.csproj" Id="6a55ec98-03c3-4517-997a-5676c60dd9d6" />
    <Project Path="Tyuiu.FilippovaVD.Sprint1.Task3.V9.Test/Tyuiu.FilippovaVD.Sprint1.Task3.V9.Test.csproj" Id="ab129d8d-9b16-445e-997c-65018e2a4826" />
    <Project Path="Tyuiu.FilippovaVD.Sprint1.Task3.V9/Tyuiu.FilippovaVD.Sprint1.Task3.V9.csproj" Id="02831016-df7c-40fd-80c1-3c7ad8f0d77e" />
  </Folder>
  <Folder Name="/Task4/">
    <Project Path="Tyuiu.FilippovaVD.Sprint1.Task4.V16.Lib/Tyuiu.FilippovaVD.Sprint1.Task4.V16.Lib.csproj" Id="e4480deb-6345-4e23-baeb-7eca5f3f8d21" />
    <Project Path="Tyuiu.FilippovaVD.Sprint1.Task4.V16.Test/Tyuiu.FilippovaVD.Sprint1.Task4.V16.Test.csproj" Id="aff09b0f-7c6c-4a27-9f19-ed89589196ae" />
    <Project Path="Tyuiu.FilippovaVD.Sprint1.Task4.V16/Tyuiu.FilippovaVD.Sprint1.Task4.V16.csproj" Id="c087bf8e-80e7-4a19-a284-47850172a2b0" />
  </Folder>
  <Folder Name="/Task5/">
    <Project Path="Tyuiu.FilippovaVD.Sprint1.Task5.V5.Lib/Tyuiu.FilippovaVD.Sprint1.Task5.V5.Lib.csproj" Id="f5e82305-b7b8-47bb-8fe0-50ebee2a4f38" />
    <Project Path="Tyuiu.FilippovaVD.Sprint1.Task5.V5.Test/Tyuiu.FilippovaVD.Sprint1.Task5.V5.Test.csproj" Id="057552d8-aef1-4c13-9006-68e318b9238b" />
    <Project Path="Tyuiu.FilippovaVD.Sprint1.Task5.V5/Tyuiu.FilippovaVD.Sprint1.Task5.V5.csproj" Id="63fce6a6-0088-48f3-962f-ef1572ceab34" />
  </Folder>
  <Folder Name="/Task6/">
    <Project Path="Tyuiu.FilippovaVD.Sprint1.Task6.V14.Lib/Tyuiu.FilippovaVD.Sprint1.Task6.V14.Lib.csproj" Id="47524f29-c1a1-4441-8db3-1080a8d6ec4d" />
    <Project Path="Tyuiu.FilippovaVD.Sprint1.Task6.V14.Test/Tyuiu.FilippovaVD.Sprint1.Task6.V14.Test.csproj" Id="303eb07f-df8c-4586-ba32-93d7e86df748" />
    <Project Path="Tyuiu.FilippovaVD.Sprint1.Task6.V14/Tyuiu.FilippovaVD.Sprint1.Task6.V14.csproj" Id="98daf981-e759-4bd8-a138-ba49ba6896bf" />
  </Folder>
</Solution>
